// !$*UTF8*$!
{
	archiveVersion = 1;
	classes = {
	};
	objectVersion = 50;
	objects = {

/* Begin PBXBuildFile section */
		F21F6DCD26E0602600F2C7C5 /* gutkaDB.sqlite in Resources */ = {isa = PBXBuildFile; fileRef = F21F6DCC26E0602600F2C7C5 /* gutkaDB.sqlite */; };
		F21F6DCF26E0A98200F2C7C5 /* Instance.swift in Sources */ = {isa = PBXBuildFile; fileRef = F21F6DCE26E0A98200F2C7C5 /* Instance.swift */; };
		F296479826C714E100AA2F6F /* SQLite.framework in Frameworks */ = {isa = PBXBuildFile; fileRef = F296478B26C714D000AA2F6F /* SQLite.framework */; };
		F296479926C714E100AA2F6F /* SQLite.framework in Embed Frameworks */ = {isa = PBXBuildFile; fileRef = F296478B26C714D000AA2F6F /* SQLite.framework */; settings = {ATTRIBUTES = (CodeSignOnCopy, RemoveHeadersOnCopy, ); }; };
		F29D22EB26BB3B87005C7B06 /* AppDelegate.swift in Sources */ = {isa = PBXBuildFile; fileRef = F29D22EA26BB3B87005C7B06 /* AppDelegate.swift */; };
		F29D22ED26BB3B87005C7B06 /* SceneDelegate.swift in Sources */ = {isa = PBXBuildFile; fileRef = F29D22EC26BB3B87005C7B06 /* SceneDelegate.swift */; };
		F29D22EF26BB3B87005C7B06 /* ContentView.swift in Sources */ = {isa = PBXBuildFile; fileRef = F29D22EE26BB3B87005C7B06 /* ContentView.swift */; };
		F29D22F126BB3B89005C7B06 /* Assets.xcassets in Resources */ = {isa = PBXBuildFile; fileRef = F29D22F026BB3B89005C7B06 /* Assets.xcassets */; };
		F29D22F426BB3B89005C7B06 /* Preview Assets.xcassets in Resources */ = {isa = PBXBuildFile; fileRef = F29D22F326BB3B89005C7B06 /* Preview Assets.xcassets */; };
		F29D22F726BB3B89005C7B06 /* LaunchScreen.storyboard in Resources */ = {isa = PBXBuildFile; fileRef = F29D22F526BB3B89005C7B06 /* LaunchScreen.storyboard */; };
		F29D231726BB6F4B005C7B06 /* articlesData.json in Resources */ = {isa = PBXBuildFile; fileRef = F29D231626BB6F4B005C7B06 /* articlesData.json */; };
		F29D231926BB6F70005C7B06 /* DataParser.swift in Sources */ = {isa = PBXBuildFile; fileRef = F29D231826BB6F70005C7B06 /* DataParser.swift */; };
		F29D231B26BB6F9F005C7B06 /* Article.swift in Sources */ = {isa = PBXBuildFile; fileRef = F29D231A26BB6F9F005C7B06 /* Article.swift */; };
		F29D233D26BBCB8E005C7B06 /* SettingsView.swift in Sources */ = {isa = PBXBuildFile; fileRef = F29D233C26BBCB8E005C7B06 /* SettingsView.swift */; };
		F29D233F26BC7AD0005C7B06 /* ArticleView.swift in Sources */ = {isa = PBXBuildFile; fileRef = F29D233E26BC7AD0005C7B06 /* ArticleView.swift */; };
		F29E4C4326C6FE2800B81C01 /* Paragraph.swift in Sources */ = {isa = PBXBuildFile; fileRef = F29E4C4226C6FE2800B81C01 /* Paragraph.swift */; };
		F29E4C4526C6FF3900B81C01 /* SQLHelper.swift in Sources */ = {isa = PBXBuildFile; fileRef = F29E4C4426C6FF3900B81C01 /* SQLHelper.swift */; };
/* End PBXBuildFile section */

/* Begin PBXContainerItemProxy section */
		F296478A26C714D000AA2F6F /* PBXContainerItemProxy */ = {
			isa = PBXContainerItemProxy;
			containerPortal = F296478026C714D000AA2F6F /* SQLite.xcodeproj */;
			proxyType = 2;
			remoteGlobalIDString = EE247AD31C3F04ED00AE3E12;
			remoteInfo = "SQLite iOS";
		};
		F296478C26C714D000AA2F6F /* PBXContainerItemProxy */ = {
			isa = PBXContainerItemProxy;
			containerPortal = F296478026C714D000AA2F6F /* SQLite.xcodeproj */;
			proxyType = 2;
			remoteGlobalIDString = EE247ADD1C3F04ED00AE3E12;
			remoteInfo = "SQLiteTests iOS";
		};
		F296478E26C714D000AA2F6F /* PBXContainerItemProxy */ = {
			isa = PBXContainerItemProxy;
			containerPortal = F296478026C714D000AA2F6F /* SQLite.xcodeproj */;
			proxyType = 2;
			remoteGlobalIDString = EE247B3C1C3F3ED000AE3E12;
			remoteInfo = "SQLite Mac";
		};
		F296479026C714D000AA2F6F /* PBXContainerItemProxy */ = {
			isa = PBXContainerItemProxy;
			containerPortal = F296478026C714D000AA2F6F /* SQLite.xcodeproj */;
			proxyType = 2;
			remoteGlobalIDString = EE247B451C3F3ED000AE3E12;
			remoteInfo = "SQLiteTests Mac";
		};
		F296479226C714D000AA2F6F /* PBXContainerItemProxy */ = {
			isa = PBXContainerItemProxy;
			containerPortal = F296478026C714D000AA2F6F /* SQLite.xcodeproj */;
			proxyType = 2;
			remoteGlobalIDString = 03A65E5A1C6BB0F50062603F;
			remoteInfo = "SQLite tvOS";
		};
		F296479426C714D000AA2F6F /* PBXContainerItemProxy */ = {
			isa = PBXContainerItemProxy;
			containerPortal = F296478026C714D000AA2F6F /* SQLite.xcodeproj */;
			proxyType = 2;
			remoteGlobalIDString = 03A65E631C6BB0F60062603F;
			remoteInfo = "SQLiteTests tvOS";
		};
		F296479626C714D000AA2F6F /* PBXContainerItemProxy */ = {
			isa = PBXContainerItemProxy;
			containerPortal = F296478026C714D000AA2F6F /* SQLite.xcodeproj */;
			proxyType = 2;
			remoteGlobalIDString = A121AC451CA35C79005A31D1;
			remoteInfo = "SQLite watchOS";
		};
/* End PBXContainerItemProxy section */

/* Begin PBXCopyFilesBuildPhase section */
		F296473526C713E400AA2F6F /* Embed Frameworks */ = {
			isa = PBXCopyFilesBuildPhase;
			buildActionMask = 2147483647;
			dstPath = "";
			dstSubfolderSpec = 10;
			files = (
				F296479926C714E100AA2F6F /* SQLite.framework in Embed Frameworks */,
			);
			name = "Embed Frameworks";
			runOnlyForDeploymentPostprocessing = 0;
		};
/* End PBXCopyFilesBuildPhase section */

/* Begin PBXFileReference section */
		F21F6DCC26E0602600F2C7C5 /* gutkaDB.sqlite */ = {isa = PBXFileReference; lastKnownFileType = file; path = gutkaDB.sqlite; sourceTree = "<group>"; };
		F21F6DCE26E0A98200F2C7C5 /* Instance.swift */ = {isa = PBXFileReference; lastKnownFileType = sourcecode.swift; path = Instance.swift; sourceTree = "<group>"; };
		F296478026C714D000AA2F6F /* SQLite.xcodeproj */ = {isa = PBXFileReference; lastKnownFileType = "wrapper.pb-project"; name = SQLite.xcodeproj; path = "../../Downloads/SQLite.swift-master/SQLite.xcodeproj"; sourceTree = "<group>"; };
		F29D22E726BB3B87005C7B06 /* gutka.app */ = {isa = PBXFileReference; explicitFileType = wrapper.application; includeInIndex = 0; path = gutka.app; sourceTree = BUILT_PRODUCTS_DIR; };
		F29D22EA26BB3B87005C7B06 /* AppDelegate.swift */ = {isa = PBXFileReference; lastKnownFileType = sourcecode.swift; path = AppDelegate.swift; sourceTree = "<group>"; };
		F29D22EC26BB3B87005C7B06 /* SceneDelegate.swift */ = {isa = PBXFileReference; lastKnownFileType = sourcecode.swift; path = SceneDelegate.swift; sourceTree = "<group>"; };
		F29D22EE26BB3B87005C7B06 /* ContentView.swift */ = {isa = PBXFileReference; lastKnownFileType = sourcecode.swift; path = ContentView.swift; sourceTree = "<group>"; };
		F29D22F026BB3B89005C7B06 /* Assets.xcassets */ = {isa = PBXFileReference; lastKnownFileType = folder.assetcatalog; path = Assets.xcassets; sourceTree = "<group>"; };
		F29D22F326BB3B89005C7B06 /* Preview Assets.xcassets */ = {isa = PBXFileReference; lastKnownFileType = folder.assetcatalog; path = "Preview Assets.xcassets"; sourceTree = "<group>"; };
		F29D22F626BB3B89005C7B06 /* Base */ = {isa = PBXFileReference; lastKnownFileType = file.storyboard; name = Base; path = Base.lproj/LaunchScreen.storyboard; sourceTree = "<group>"; };
		F29D22F826BB3B89005C7B06 /* Info.plist */ = {isa = PBXFileReference; lastKnownFileType = text.plist.xml; path = Info.plist; sourceTree = "<group>"; };
		F29D231626BB6F4B005C7B06 /* articlesData.json */ = {isa = PBXFileReference; fileEncoding = 4; lastKnownFileType = text.json; path = articlesData.json; sourceTree = "<group>"; };
		F29D231826BB6F70005C7B06 /* DataParser.swift */ = {isa = PBXFileReference; lastKnownFileType = sourcecode.swift; path = DataParser.swift; sourceTree = "<group>"; };
		F29D231A26BB6F9F005C7B06 /* Article.swift */ = {isa = PBXFileReference; lastKnownFileType = sourcecode.swift; path = Article.swift; sourceTree = "<group>"; };
		F29D233C26BBCB8E005C7B06 /* SettingsView.swift */ = {isa = PBXFileReference; lastKnownFileType = sourcecode.swift; path = SettingsView.swift; sourceTree = "<group>"; };
		F29D233E26BC7AD0005C7B06 /* ArticleView.swift */ = {isa = PBXFileReference; lastKnownFileType = sourcecode.swift; path = ArticleView.swift; sourceTree = "<group>"; };
		F29E4C4226C6FE2800B81C01 /* Paragraph.swift */ = {isa = PBXFileReference; lastKnownFileType = sourcecode.swift; path = Paragraph.swift; sourceTree = "<group>"; };
		F29E4C4426C6FF3900B81C01 /* SQLHelper.swift */ = {isa = PBXFileReference; lastKnownFileType = sourcecode.swift; path = SQLHelper.swift; sourceTree = "<group>"; };
/* End PBXFileReference section */

/* Begin PBXFrameworksBuildPhase section */
		F29D22E426BB3B87005C7B06 /* Frameworks */ = {
			isa = PBXFrameworksBuildPhase;
			buildActionMask = 2147483647;
			files = (
				F296479826C714E100AA2F6F /* SQLite.framework in Frameworks */,
			);
			runOnlyForDeploymentPostprocessing = 0;
		};
/* End PBXFrameworksBuildPhase section */

/* Begin PBXGroup section */
		F29646FE26C70A1000AA2F6F /* views */ = {
			isa = PBXGroup;
			children = (
				F29D22EE26BB3B87005C7B06 /* ContentView.swift */,
				F29D233E26BC7AD0005C7B06 /* ArticleView.swift */,
				F29D233C26BBCB8E005C7B06 /* SettingsView.swift */,
			);
			path = views;
			sourceTree = "<group>";
		};
		F29646FF26C70A7D00AA2F6F /* objects */ = {
			isa = PBXGroup;
			children = (
				F29E4C4226C6FE2800B81C01 /* Paragraph.swift */,
				F29D231A26BB6F9F005C7B06 /* Article.swift */,
				F21F6DCE26E0A98200F2C7C5 /* Instance.swift */,
			);
			path = objects;
			sourceTree = "<group>";
		};
		F296470026C70A9300AA2F6F /* data */ = {
			isa = PBXGroup;
			children = (
				F21F6DCC26E0602600F2C7C5 /* gutkaDB.sqlite */,
				F29D231626BB6F4B005C7B06 /* articlesData.json */,
			);
			path = data;
			sourceTree = "<group>";
		};
		F296470126C70AA800AA2F6F /* code */ = {
			isa = PBXGroup;
			children = (
				F29D231826BB6F70005C7B06 /* DataParser.swift */,
				F29E4C4426C6FF3900B81C01 /* SQLHelper.swift */,
			);
			path = code;
			sourceTree = "<group>";
		};
		F296473226C713E400AA2F6F /* Frameworks */ = {
			isa = PBXGroup;
			children = (
				F296478026C714D000AA2F6F /* SQLite.xcodeproj */,
			);
			name = Frameworks;
			sourceTree = "<group>";
		};
		F296478126C714D000AA2F6F /* Products */ = {
			isa = PBXGroup;
			children = (
				F296478B26C714D000AA2F6F /* SQLite.framework */,
				F296478D26C714D000AA2F6F /* SQLiteTests iOS.xctest */,
				F296478F26C714D000AA2F6F /* SQLite.framework */,
				F296479126C714D000AA2F6F /* SQLiteTests Mac.xctest */,
				F296479326C714D000AA2F6F /* SQLite.framework */,
				F296479526C714D000AA2F6F /* SQLiteTests tvOS.xctest */,
				F296479726C714D000AA2F6F /* SQLite.framework */,
			);
			name = Products;
			sourceTree = "<group>";
		};
		F29D22DE26BB3B87005C7B06 = {
			isa = PBXGroup;
			children = (
				F29D22E926BB3B87005C7B06 /* gutka */,
				F29D22E826BB3B87005C7B06 /* Products */,
				F296473226C713E400AA2F6F /* Frameworks */,
			);
			sourceTree = "<group>";
		};
		F29D22E826BB3B87005C7B06 /* Products */ = {
			isa = PBXGroup;
			children = (
				F29D22E726BB3B87005C7B06 /* gutka.app */,
			);
			name = Products;
			sourceTree = "<group>";
		};
		F29D22E926BB3B87005C7B06 /* gutka */ = {
			isa = PBXGroup;
			children = (
				F29D22EA26BB3B87005C7B06 /* AppDelegate.swift */,
				F29D22EC26BB3B87005C7B06 /* SceneDelegate.swift */,
				F29D22F026BB3B89005C7B06 /* Assets.xcassets */,
				F29D22F526BB3B89005C7B06 /* LaunchScreen.storyboard */,
				F296470126C70AA800AA2F6F /* code */,
				F29646FF26C70A7D00AA2F6F /* objects */,
				F29646FE26C70A1000AA2F6F /* views */,
				F29D22F826BB3B89005C7B06 /* Info.plist */,
				F296470026C70A9300AA2F6F /* data */,
				F29D22F226BB3B89005C7B06 /* Preview Content */,
			);
			path = gutka;
			sourceTree = "<group>";
		};
		F29D22F226BB3B89005C7B06 /* Preview Content */ = {
			isa = PBXGroup;
			children = (
				F29D22F326BB3B89005C7B06 /* Preview Assets.xcassets */,
			);
			path = "Preview Content";
			sourceTree = "<group>";
		};
/* End PBXGroup section */

/* Begin PBXNativeTarget section */
		F29D22E626BB3B87005C7B06 /* gutka */ = {
			isa = PBXNativeTarget;
			buildConfigurationList = F29D22FB26BB3B89005C7B06 /* Build configuration list for PBXNativeTarget "gutka" */;
			buildPhases = (
				F29D22E326BB3B87005C7B06 /* Sources */,
				F29D22E426BB3B87005C7B06 /* Frameworks */,
				F29D22E526BB3B87005C7B06 /* Resources */,
				F296473526C713E400AA2F6F /* Embed Frameworks */,
			);
			buildRules = (
			);
			dependencies = (
			);
			name = gutka;
			productName = gutka;
			productReference = F29D22E726BB3B87005C7B06 /* gutka.app */;
			productType = "com.apple.product-type.application";
		};
/* End PBXNativeTarget section */

/* Begin PBXProject section */
		F29D22DF26BB3B87005C7B06 /* Project object */ = {
			isa = PBXProject;
			attributes = {
				LastSwiftUpdateCheck = 1250;
				LastUpgradeCheck = 1250;
				TargetAttributes = {
					F29D22E626BB3B87005C7B06 = {
						CreatedOnToolsVersion = 12.5;
					};
				};
			};
			buildConfigurationList = F29D22E226BB3B87005C7B06 /* Build configuration list for PBXProject "gutka" */;
			compatibilityVersion = "Xcode 9.3";
			developmentRegion = en;
			hasScannedForEncodings = 0;
			knownRegions = (
				en,
				Base,
			);
			mainGroup = F29D22DE26BB3B87005C7B06;
			productRefGroup = F29D22E826BB3B87005C7B06 /* Products */;
			projectDirPath = "";
			projectReferences = (
				{
					ProductGroup = F296478126C714D000AA2F6F /* Products */;
					ProjectRef = F296478026C714D000AA2F6F /* SQLite.xcodeproj */;
				},
			);
			projectRoot = "";
			targets = (
				F29D22E626BB3B87005C7B06 /* gutka */,
			);
		};
/* End PBXProject section */

/* Begin PBXReferenceProxy section */
		F296478B26C714D000AA2F6F /* SQLite.framework */ = {
			isa = PBXReferenceProxy;
			fileType = wrapper.framework;
			path = SQLite.framework;
			remoteRef = F296478A26C714D000AA2F6F /* PBXContainerItemProxy */;
			sourceTree = BUILT_PRODUCTS_DIR;
		};
		F296478D26C714D000AA2F6F /* SQLiteTests iOS.xctest */ = {
			isa = PBXReferenceProxy;
			fileType = wrapper.cfbundle;
			path = "SQLiteTests iOS.xctest";
			remoteRef = F296478C26C714D000AA2F6F /* PBXContainerItemProxy */;
			sourceTree = BUILT_PRODUCTS_DIR;
		};
		F296478F26C714D000AA2F6F /* SQLite.framework */ = {
			isa = PBXReferenceProxy;
			fileType = wrapper.framework;
			path = SQLite.framework;
			remoteRef = F296478E26C714D000AA2F6F /* PBXContainerItemProxy */;
			sourceTree = BUILT_PRODUCTS_DIR;
		};
		F296479126C714D000AA2F6F /* SQLiteTests Mac.xctest */ = {
			isa = PBXReferenceProxy;
			fileType = wrapper.cfbundle;
			path = "SQLiteTests Mac.xctest";
			remoteRef = F296479026C714D000AA2F6F /* PBXContainerItemProxy */;
			sourceTree = BUILT_PRODUCTS_DIR;
		};
		F296479326C714D000AA2F6F /* SQLite.framework */ = {
			isa = PBXReferenceProxy;
			fileType = wrapper.framework;
			path = SQLite.framework;
			remoteRef = F296479226C714D000AA2F6F /* PBXContainerItemProxy */;
			sourceTree = BUILT_PRODUCTS_DIR;
		};
		F296479526C714D000AA2F6F /* SQLiteTests tvOS.xctest */ = {
			isa = PBXReferenceProxy;
			fileType = wrapper.cfbundle;
			path = "SQLiteTests tvOS.xctest";
			remoteRef = F296479426C714D000AA2F6F /* PBXContainerItemProxy */;
			sourceTree = BUILT_PRODUCTS_DIR;
		};
		F296479726C714D000AA2F6F /* SQLite.framework */ = {
			isa = PBXReferenceProxy;
			fileType = wrapper.framework;
			path = SQLite.framework;
			remoteRef = F296479626C714D000AA2F6F /* PBXContainerItemProxy */;
			sourceTree = BUILT_PRODUCTS_DIR;
		};
/* End PBXReferenceProxy section */

/* Begin PBXResourcesBuildPhase section */
		F29D22E526BB3B87005C7B06 /* Resources */ = {
			isa = PBXResourcesBuildPhase;
			buildActionMask = 2147483647;
			files = (
				F29D22F726BB3B89005C7B06 /* LaunchScreen.storyboard in Resources */,
				F21F6DCD26E0602600F2C7C5 /* gutkaDB.sqlite in Resources */,
				F29D231726BB6F4B005C7B06 /* articlesData.json in Resources */,
				F29D22F426BB3B89005C7B06 /* Preview Assets.xcassets in Resources */,
				F29D22F126BB3B89005C7B06 /* Assets.xcassets in Resources */,
			);
			runOnlyForDeploymentPostprocessing = 0;
		};
/* End PBXResourcesBuildPhase section */

/* Begin PBXSourcesBuildPhase section */
		F29D22E326BB3B87005C7B06 /* Sources */ = {
			isa = PBXSourcesBuildPhase;
			buildActionMask = 2147483647;
			files = (
				F21F6DCF26E0A98200F2C7C5 /* Instance.swift in Sources */,
				F29E4C4326C6FE2800B81C01 /* Paragraph.swift in Sources */,
				F29D22EB26BB3B87005C7B06 /* AppDelegate.swift in Sources */,
				F29D22ED26BB3B87005C7B06 /* SceneDelegate.swift in Sources */,
				F29D231B26BB6F9F005C7B06 /* Article.swift in Sources */,
				F29D233D26BBCB8E005C7B06 /* SettingsView.swift in Sources */,
				F29D22EF26BB3B87005C7B06 /* ContentView.swift in Sources */,
				F29E4C4526C6FF3900B81C01 /* SQLHelper.swift in Sources */,
				F29D233F26BC7AD0005C7B06 /* ArticleView.swift in Sources */,
				F29D231926BB6F70005C7B06 /* DataParser.swift in Sources */,
			);
			runOnlyForDeploymentPostprocessing = 0;
		};
/* End PBXSourcesBuildPhase section */

/* Begin PBXVariantGroup section */
		F29D22F526BB3B89005C7B06 /* LaunchScreen.storyboard */ = {
			isa = PBXVariantGroup;
			children = (
				F29D22F626BB3B89005C7B06 /* Base */,
			);
			name = LaunchScreen.storyboard;
			sourceTree = "<group>";
		};
/* End PBXVariantGroup section */

/* Begin XCBuildConfiguration section */
		F29D22F926BB3B89005C7B06 /* Debug */ = {
			isa = XCBuildConfiguration;
			buildSettings = {
				ALWAYS_SEARCH_USER_PATHS = NO;
				CLANG_ANALYZER_NONNULL = YES;
				CLANG_ANALYZER_NUMBER_OBJECT_CONVERSION = YES_AGGRESSIVE;
				CLANG_CXX_LANGUAGE_STANDARD = "gnu++14";
				CLANG_CXX_LIBRARY = "libc++";
				CLANG_ENABLE_MODULES = YES;
				CLANG_ENABLE_OBJC_ARC = YES;
				CLANG_ENABLE_OBJC_WEAK = YES;
				CLANG_WARN_BLOCK_CAPTURE_AUTORELEASING = YES;
				CLANG_WARN_BOOL_CONVERSION = YES;
				CLANG_WARN_COMMA = YES;
				CLANG_WARN_CONSTANT_CONVERSION = YES;
				CLANG_WARN_DEPRECATED_OBJC_IMPLEMENTATIONS = YES;
				CLANG_WARN_DIRECT_OBJC_ISA_USAGE = YES_ERROR;
				CLANG_WARN_DOCUMENTATION_COMMENTS = YES;
				CLANG_WARN_EMPTY_BODY = YES;
				CLANG_WARN_ENUM_CONVERSION = YES;
				CLANG_WARN_INFINITE_RECURSION = YES;
				CLANG_WARN_INT_CONVERSION = YES;
				CLANG_WARN_NON_LITERAL_NULL_CONVERSION = YES;
				CLANG_WARN_OBJC_IMPLICIT_RETAIN_SELF = YES;
				CLANG_WARN_OBJC_LITERAL_CONVERSION = YES;
				CLANG_WARN_OBJC_ROOT_CLASS = YES_ERROR;
				CLANG_WARN_QUOTED_INCLUDE_IN_FRAMEWORK_HEADER = YES;
				CLANG_WARN_RANGE_LOOP_ANALYSIS = YES;
				CLANG_WARN_STRICT_PROTOTYPES = YES;
				CLANG_WARN_SUSPICIOUS_MOVE = YES;
				CLANG_WARN_UNGUARDED_AVAILABILITY = YES_AGGRESSIVE;
				CLANG_WARN_UNREACHABLE_CODE = YES;
				CLANG_WARN__DUPLICATE_METHOD_MATCH = YES;
				COPY_PHASE_STRIP = NO;
				DEBUG_INFORMATION_FORMAT = dwarf;
				ENABLE_STRICT_OBJC_MSGSEND = YES;
				ENABLE_TESTABILITY = YES;
				GCC_C_LANGUAGE_STANDARD = gnu11;
				GCC_DYNAMIC_NO_PIC = NO;
				GCC_NO_COMMON_BLOCKS = YES;
				GCC_OPTIMIZATION_LEVEL = 0;
				GCC_PREPROCESSOR_DEFINITIONS = (
					"DEBUG=1",
					"$(inherited)",
				);
				GCC_WARN_64_TO_32_BIT_CONVERSION = YES;
				GCC_WARN_ABOUT_RETURN_TYPE = YES_ERROR;
				GCC_WARN_UNDECLARED_SELECTOR = YES;
				GCC_WARN_UNINITIALIZED_AUTOS = YES_AGGRESSIVE;
				GCC_WARN_UNUSED_FUNCTION = YES;
				GCC_WARN_UNUSED_VARIABLE = YES;
				IPHONEOS_DEPLOYMENT_TARGET = 14.5;
				MTL_ENABLE_DEBUG_INFO = INCLUDE_SOURCE;
				MTL_FAST_MATH = YES;
				ONLY_ACTIVE_ARCH = YES;
				SDKROOT = iphoneos;
				SWIFT_ACTIVE_COMPILATION_CONDITIONS = DEBUG;
				SWIFT_OPTIMIZATION_LEVEL = "-Onone";
			};
			name = Debug;
		};
		F29D22FA26BB3B89005C7B06 /* Release */ = {
			isa = XCBuildConfiguration;
			buildSettings = {
				ALWAYS_SEARCH_USER_PATHS = NO;
				CLANG_ANALYZER_NONNULL = YES;
				CLANG_ANALYZER_NUMBER_OBJECT_CONVERSION = YES_AGGRESSIVE;
				CLANG_CXX_LANGUAGE_STANDARD = "gnu++14";
				CLANG_CXX_LIBRARY = "libc++";
				CLANG_ENABLE_MODULES = YES;
				CLANG_ENABLE_OBJC_ARC = YES;
				CLANG_ENABLE_OBJC_WEAK = YES;
				CLANG_WARN_BLOCK_CAPTURE_AUTORELEASING = YES;
				CLANG_WARN_BOOL_CONVERSION = YES;
				CLANG_WARN_COMMA = YES;
				CLANG_WARN_CONSTANT_CONVERSION = YES;
				CLANG_WARN_DEPRECATED_OBJC_IMPLEMENTATIONS = YES;
				CLANG_WARN_DIRECT_OBJC_ISA_USAGE = YES_ERROR;
				CLANG_WARN_DOCUMENTATION_COMMENTS = YES;
				CLANG_WARN_EMPTY_BODY = YES;
				CLANG_WARN_ENUM_CONVERSION = YES;
				CLANG_WARN_INFINITE_RECURSION = YES;
				CLANG_WARN_INT_CONVERSION = YES;
				CLANG_WARN_NON_LITERAL_NULL_CONVERSION = YES;
				CLANG_WARN_OBJC_IMPLICIT_RETAIN_SELF = YES;
				CLANG_WARN_OBJC_LITERAL_CONVERSION = YES;
				CLANG_WARN_OBJC_ROOT_CLASS = YES_ERROR;
				CLANG_WARN_QUOTED_INCLUDE_IN_FRAMEWORK_HEADER = YES;
				CLANG_WARN_RANGE_LOOP_ANALYSIS = YES;
				CLANG_WARN_STRICT_PROTOTYPES = YES;
				CLANG_WARN_SUSPICIOUS_MOVE = YES;
				CLANG_WARN_UNGUARDED_AVAILABILITY = YES_AGGRESSIVE;
				CLANG_WARN_UNREACHABLE_CODE = YES;
				CLANG_WARN__DUPLICATE_METHOD_MATCH = YES;
				COPY_PHASE_STRIP = NO;
				DEBUG_INFORMATION_FORMAT = "dwarf-with-dsym";
				ENABLE_NS_ASSERTIONS = NO;
				ENABLE_STRICT_OBJC_MSGSEND = YES;
				GCC_C_LANGUAGE_STANDARD = gnu11;
				GCC_NO_COMMON_BLOCKS = YES;
				GCC_WARN_64_TO_32_BIT_CONVERSION = YES;
				GCC_WARN_ABOUT_RETURN_TYPE = YES_ERROR;
				GCC_WARN_UNDECLARED_SELECTOR = YES;
				GCC_WARN_UNINITIALIZED_AUTOS = YES_AGGRESSIVE;
				GCC_WARN_UNUSED_FUNCTION = YES;
				GCC_WARN_UNUSED_VARIABLE = YES;
				IPHONEOS_DEPLOYMENT_TARGET = 14.5;
				MTL_ENABLE_DEBUG_INFO = NO;
				MTL_FAST_MATH = YES;
				SDKROOT = iphoneos;
				SWIFT_COMPILATION_MODE = wholemodule;
				SWIFT_OPTIMIZATION_LEVEL = "-O";
				VALIDATE_PRODUCT = YES;
			};
			name = Release;
		};
		F29D22FC26BB3B89005C7B06 /* Debug */ = {
			isa = XCBuildConfiguration;
			buildSettings = {
				ASSETCATALOG_COMPILER_APPICON_NAME = AppIcon;
				ASSETCATALOG_COMPILER_GLOBAL_ACCENT_COLOR_NAME = AccentColor;
				CODE_SIGN_STYLE = Automatic;
				DEVELOPMENT_ASSET_PATHS = "\"gutka/Preview Content\"";
				ENABLE_PREVIEWS = YES;
				INFOPLIST_FILE = gutka/Info.plist;
				LD_RUNPATH_SEARCH_PATHS = (
					"$(inherited)",
					"@executable_path/Frameworks",
				);
				PRODUCT_BUNDLE_IDENTIFIER = com.akashdhami.gutka;
				PRODUCT_NAME = "$(TARGET_NAME)";
				SWIFT_VERSION = 5.0;
				TARGETED_DEVICE_FAMILY = "1,2";
			};
			name = Debug;
		};
		F29D22FD26BB3B89005C7B06 /* Release */ = {
			isa = XCBuildConfiguration;
			buildSettings = {
				ASSETCATALOG_COMPILER_APPICON_NAME = AppIcon;
				ASSETCATALOG_COMPILER_GLOBAL_ACCENT_COLOR_NAME = AccentColor;
				CODE_SIGN_STYLE = Automatic;
				DEVELOPMENT_ASSET_PATHS = "\"gutka/Preview Content\"";
				ENABLE_PREVIEWS = YES;
				INFOPLIST_FILE = gutka/Info.plist;
				LD_RUNPATH_SEARCH_PATHS = (
					"$(inherited)",
					"@executable_path/Frameworks",
				);
				PRODUCT_BUNDLE_IDENTIFIER = com.akashdhami.gutka;
				PRODUCT_NAME = "$(TARGET_NAME)";
				SWIFT_VERSION = 5.0;
				TARGETED_DEVICE_FAMILY = "1,2";
			};
			name = Release;
		};
/* End XCBuildConfiguration section */

/* Begin XCConfigurationList section */
		F29D22E226BB3B87005C7B06 /* Build configuration list for PBXProject "gutka" */ = {
			isa = XCConfigurationList;
			buildConfigurations = (
				F29D22F926BB3B89005C7B06 /* Debug */,
				F29D22FA26BB3B89005C7B06 /* Release */,
			);
			defaultConfigurationIsVisible = 0;
			defaultConfigurationName = Release;
		};
		F29D22FB26BB3B89005C7B06 /* Build configuration list for PBXNativeTarget "gutka" */ = {
			isa = XCConfigurationList;
			buildConfigurations = (
				F29D22FC26BB3B89005C7B06 /* Debug */,
				F29D22FD26BB3B89005C7B06 /* Release */,
			);
			defaultConfigurationIsVisible = 0;
			defaultConfigurationName = Release;
		};
/* End XCConfigurationList section */
	};
	rootObject = F29D22DF26BB3B87005C7B06 /* Project object */;
}
